github.com/GSI-HPC/go-nodeset v1.1.0 h1:JZe/AGtAJX18ivgpa/0pOw4o2LJa998QrPzgYyeXJRs=
github.com/GSI-HPC/go-nodeset v1.1.0/go.mod h1:YG7JOHU9XvWCuIGLSn9yOnR1mprbLASNhQ8SuZKkPpI=
golang.org/x/sys v0.48.0 h1:bbX/i/6MgT9BVLM9RT1thmxL04yeTAhbEz4SyadbXoo=
golang.org/x/sys v0.48.0/go.mod h1:hNLxWAXmnKAxqDtdwIYC4bM9oQPEecfsnNMuSxOs3og=
golang.org/x/text v0.42.0 h1:JbOZXgfeCPU9gacVtYliJqOhD+zhrEqK4LfdpmlUZqI=
golang.org/x/text v0.42.0/go.mod h1:ojzP1Z+2QtioaF8DTtO8K5q7JWVVYwZKenzujK0Zd0E=
